// !$*UTF8*$!
{
	archiveVersion = 1;
	classes = {
	};
	objectVersion = 52;
	objects = {

/* Begin PBXBuildFile section */
		52E8AABA8ED62975FABDC34B /* Pods_InviteYouApp.framework in Frameworks */ = {isa = PBXBuildFile; fileRef = 306C279F90194F15AD9A4075 /* Pods_InviteYouApp.framework */; };
		EA0315FE260383E6003F1CDD /* IYCreateInviteViewController.swift in Sources */ = {isa = PBXBuildFile; fileRef = EA0315FD260383E6003F1CDD /* IYCreateInviteViewController.swift */; };
		EA04196826063A900060EFAD /* IYTypeOfEvent.swift in Sources */ = {isa = PBXBuildFile; fileRef = EA04196726063A900060EFAD /* IYTypeOfEvent.swift */; };
		EA0CB6362611A208003F92DD /* CustomTextField.swift in Sources */ = {isa = PBXBuildFile; fileRef = EA0CB6352611A208003F92DD /* CustomTextField.swift */; };
		EA133FC52604719000241E8B /* IYSearchViewController.swift in Sources */ = {isa = PBXBuildFile; fileRef = EA133FC42604719000241E8B /* IYSearchViewController.swift */; };
		EA13486B261DA5750022E78E /* ExampleInvites.swift in Sources */ = {isa = PBXBuildFile; fileRef = EA13486A261DA5750022E78E /* ExampleInvites.swift */; };
		EA13486E261DE5550022E78E /* IYIvent.swift in Sources */ = {isa = PBXBuildFile; fileRef = EA13486D261DE5550022E78E /* IYIvent.swift */; };
		EA14798625FBDD2900A03DCD /* SnapKit in Frameworks */ = {isa = PBXBuildFile; productRef = EA14798525FBDD2900A03DCD /* SnapKit */; };
		EA200AE7261083610087E792 /* IYResetPasswordViewController.swift in Sources */ = {isa = PBXBuildFile; fileRef = EA200AE6261083610087E792 /* IYResetPasswordViewController.swift */; };
		EA281A0A2611A64D00674722 /* СustomLabel.swift in Sources */ = {isa = PBXBuildFile; fileRef = EA281A092611A64D00674722 /* СustomLabel.swift */; };
		EA281A0D2611AB7700674722 /* CustomButton.swift in Sources */ = {isa = PBXBuildFile; fileRef = EA281A0C2611AB7700674722 /* CustomButton.swift */; };
		EA29522F260C939F00B4523A /* IYNumberOfPersons.swift in Sources */ = {isa = PBXBuildFile; fileRef = EA29522E260C939F00B4523A /* IYNumberOfPersons.swift */; };
		EA2B93EB260CFF29007D3AA9 /* 8711.ttf in Resources */ = {isa = PBXBuildFile; fileRef = EA2B93EA260CFF29007D3AA9 /* 8711.ttf */; };
		EA62074125F8F09E00AF8E01 /* IYTabBarViewController.swift in Sources */ = {isa = PBXBuildFile; fileRef = EA62074025F8F09E00AF8E01 /* IYTabBarViewController.swift */; };
		EA64BAC62625694400192F01 /* IYRegistrationStack.swift in Sources */ = {isa = PBXBuildFile; fileRef = EA64BAC52625694400192F01 /* IYRegistrationStack.swift */; };
		EA64BAC926256CB100192F01 /* UIView+Ex.swift in Sources */ = {isa = PBXBuildFile; fileRef = EA64BAC826256CB100192F01 /* UIView+Ex.swift */; };
		EA64BACD262592FF00192F01 /* UIEdgeInsets+Ex.swift.swift in Sources */ = {isa = PBXBuildFile; fileRef = EA64BACC262592FF00192F01 /* UIEdgeInsets+Ex.swift.swift */; };
		EA64BAD02625A70B00192F01 /* UIStackView+Ex.swift in Sources */ = {isa = PBXBuildFile; fileRef = EA64BACF2625A70B00192F01 /* UIStackView+Ex.swift */; };
		EA64BAD82625AF9D00192F01 /* CustomLabelCondition.swift in Sources */ = {isa = PBXBuildFile; fileRef = EA64BAD72625AF9D00192F01 /* CustomLabelCondition.swift */; };
		EA64BADE2625C1D200192F01 /* IYCreateInviteStack.swift in Sources */ = {isa = PBXBuildFile; fileRef = EA64BADD2625C1D200192F01 /* IYCreateInviteStack.swift */; };
		EA64BAE22625D2F500192F01 /* UIPickerView+Ex.swift in Sources */ = {isa = PBXBuildFile; fileRef = EA64BAE12625D2F500192F01 /* UIPickerView+Ex.swift */; };
		EA64BAE52625D95A00192F01 /* Date+Ex.swift in Sources */ = {isa = PBXBuildFile; fileRef = EA64BAE42625D95A00192F01 /* Date+Ex.swift */; };
		EA64BAF02627142C00192F01 /* String+Ex.swift in Sources */ = {isa = PBXBuildFile; fileRef = EA64BAEF2627142C00192F01 /* String+Ex.swift */; };
		EA7B64482622DEE60048F783 /* GoogleService-Info.plist in Resources */ = {isa = PBXBuildFile; fileRef = EA7B64472622DEE60048F783 /* GoogleService-Info.plist */; };
		EA7B7BB426021ED50006F22E /* IYViewController.swift in Sources */ = {isa = PBXBuildFile; fileRef = EA7B7BB326021ED50006F22E /* IYViewController.swift */; };
		EA7B7BD2260320830006F22E /* IYInvitationCell.swift in Sources */ = {isa = PBXBuildFile; fileRef = EA7B7BD1260320830006F22E /* IYInvitationCell.swift */; };
		EAB533AE260B76EE00C0C8C0 /* UIViewController+Ex.swift in Sources */ = {isa = PBXBuildFile; fileRef = EAB533AD260B76EE00C0C8C0 /* UIViewController+Ex.swift */; };
		EACB0380261493140002B8C6 /* IYDefault.swift in Sources */ = {isa = PBXBuildFile; fileRef = EACB037F261493140002B8C6 /* IYDefault.swift */; };
		EAD0EBD125FB890800463EF7 /* IYEditProfileViewController.swift in Sources */ = {isa = PBXBuildFile; fileRef = EAD0EBD025FB890800463EF7 /* IYEditProfileViewController.swift */; };
		EAF777DF25FCD57100F8F091 /* Colors.swift in Sources */ = {isa = PBXBuildFile; fileRef = EAF777DE25FCD57100F8F091 /* Colors.swift */; };
		EAFFAA6F25F891AE003A610E /* AppDelegate.swift in Sources */ = {isa = PBXBuildFile; fileRef = EAFFAA6E25F891AE003A610E /* AppDelegate.swift */; };
		EAFFAA7125F891AE003A610E /* SceneDelegate.swift in Sources */ = {isa = PBXBuildFile; fileRef = EAFFAA7025F891AE003A610E /* SceneDelegate.swift */; };
		EAFFAA7325F891AE003A610E /* IYInitViewController.swift in Sources */ = {isa = PBXBuildFile; fileRef = EAFFAA7225F891AE003A610E /* IYInitViewController.swift */; };
		EAFFAA7825F891AF003A610E /* Assets.xcassets in Resources */ = {isa = PBXBuildFile; fileRef = EAFFAA7725F891AF003A610E /* Assets.xcassets */; };
		EAFFAA7B25F891B0003A610E /* LaunchScreen.storyboard in Resources */ = {isa = PBXBuildFile; fileRef = EAFFAA7925F891B0003A610E /* LaunchScreen.storyboard */; };
		EAFFAA8725F8CB19003A610E /* IYRegistrationViewController.swift in Sources */ = {isa = PBXBuildFile; fileRef = EAFFAA8625F8CB19003A610E /* IYRegistrationViewController.swift */; };
		EAFFAA8A25F8E53F003A610E /* Fonts.swift in Sources */ = {isa = PBXBuildFile; fileRef = EAFFAA8925F8E53F003A610E /* Fonts.swift */; };
		EAFFAA9825F8EDCA003A610E /* IYActiveInvitesViewController.swift in Sources */ = {isa = PBXBuildFile; fileRef = EAFFAA9725F8EDCA003A610E /* IYActiveInvitesViewController.swift */; };
		EAFFAA9B25F8EDF8003A610E /* IYDetailsViewController.swift in Sources */ = {isa = PBXBuildFile; fileRef = EAFFAA9A25F8EDF8003A610E /* IYDetailsViewController.swift */; };
		EAFFAA9F25F8EE14003A610E /* IYCalendarViewController.swift in Sources */ = {isa = PBXBuildFile; fileRef = EAFFAA9E25F8EE14003A610E /* IYCalendarViewController.swift */; };
		EAFFAAA225F8EE5C003A610E /* IYProfileViewController.swift in Sources */ = {isa = PBXBuildFile; fileRef = EAFFAAA125F8EE5C003A610E /* IYProfileViewController.swift */; };
/* End PBXBuildFile section */

/* Begin PBXFileReference section */
		306C279F90194F15AD9A4075 /* Pods_InviteYouApp.framework */ = {isa = PBXFileReference; explicitFileType = wrapper.framework; includeInIndex = 0; path = Pods_InviteYouApp.framework; sourceTree = BUILT_PRODUCTS_DIR; };
		58C6CA89B6C9DA8F5235FE61 /* Pods-InviteYouApp.debug.xcconfig */ = {isa = PBXFileReference; includeInIndex = 1; lastKnownFileType = text.xcconfig; name = "Pods-InviteYouApp.debug.xcconfig"; path = "Target Support Files/Pods-InviteYouApp/Pods-InviteYouApp.debug.xcconfig"; sourceTree = "<group>"; };
		6E905028421ED4B97E9A08B7 /* Pods-InviteYouApp.release.xcconfig */ = {isa = PBXFileReference; includeInIndex = 1; lastKnownFileType = text.xcconfig; name = "Pods-InviteYouApp.release.xcconfig"; path = "Target Support Files/Pods-InviteYouApp/Pods-InviteYouApp.release.xcconfig"; sourceTree = "<group>"; };
		EA0315FD260383E6003F1CDD /* IYCreateInviteViewController.swift */ = {isa = PBXFileReference; lastKnownFileType = sourcecode.swift; path = IYCreateInviteViewController.swift; sourceTree = "<group>"; };
		EA04196726063A900060EFAD /* IYTypeOfEvent.swift */ = {isa = PBXFileReference; lastKnownFileType = sourcecode.swift; path = IYTypeOfEvent.swift; sourceTree = "<group>"; };
		EA0CB6352611A208003F92DD /* CustomTextField.swift */ = {isa = PBXFileReference; lastKnownFileType = sourcecode.swift; path = CustomTextField.swift; sourceTree = "<group>"; };
		EA133FC42604719000241E8B /* IYSearchViewController.swift */ = {isa = PBXFileReference; lastKnownFileType = sourcecode.swift; path = IYSearchViewController.swift; sourceTree = "<group>"; };
		EA13486A261DA5750022E78E /* ExampleInvites.swift */ = {isa = PBXFileReference; lastKnownFileType = sourcecode.swift; path = ExampleInvites.swift; sourceTree = "<group>"; };
		EA13486D261DE5550022E78E /* IYIvent.swift */ = {isa = PBXFileReference; lastKnownFileType = sourcecode.swift; path = IYIvent.swift; sourceTree = "<group>"; };
		EA200AE6261083610087E792 /* IYResetPasswordViewController.swift */ = {isa = PBXFileReference; lastKnownFileType = sourcecode.swift; path = IYResetPasswordViewController.swift; sourceTree = "<group>"; };
		EA281A092611A64D00674722 /* СustomLabel.swift */ = {isa = PBXFileReference; lastKnownFileType = sourcecode.swift; path = "СustomLabel.swift"; sourceTree = "<group>"; };
		EA281A0C2611AB7700674722 /* CustomButton.swift */ = {isa = PBXFileReference; lastKnownFileType = sourcecode.swift; path = CustomButton.swift; sourceTree = "<group>"; };
		EA29522E260C939F00B4523A /* IYNumberOfPersons.swift */ = {isa = PBXFileReference; lastKnownFileType = sourcecode.swift; path = IYNumberOfPersons.swift; sourceTree = "<group>"; };
		EA2B93EA260CFF29007D3AA9 /* 8711.ttf */ = {isa = PBXFileReference; lastKnownFileType = file; name = 8711.ttf; path = ../../../../../../Downloads/8711.ttf; sourceTree = "<group>"; };
		EA62074025F8F09E00AF8E01 /* IYTabBarViewController.swift */ = {isa = PBXFileReference; lastKnownFileType = sourcecode.swift; path = IYTabBarViewController.swift; sourceTree = "<group>"; };
		EA64BAC52625694400192F01 /* IYRegistrationStack.swift */ = {isa = PBXFileReference; lastKnownFileType = sourcecode.swift; path = IYRegistrationStack.swift; sourceTree = "<group>"; };
		EA64BAC826256CB100192F01 /* UIView+Ex.swift */ = {isa = PBXFileReference; lastKnownFileType = sourcecode.swift; path = "UIView+Ex.swift"; sourceTree = "<group>"; };
		EA64BACC262592FF00192F01 /* UIEdgeInsets+Ex.swift.swift */ = {isa = PBXFileReference; lastKnownFileType = sourcecode.swift; path = "UIEdgeInsets+Ex.swift.swift"; sourceTree = "<group>"; };
		EA64BACF2625A70B00192F01 /* UIStackView+Ex.swift */ = {isa = PBXFileReference; lastKnownFileType = sourcecode.swift; path = "UIStackView+Ex.swift"; sourceTree = "<group>"; };
		EA64BAD72625AF9D00192F01 /* CustomLabelCondition.swift */ = {isa = PBXFileReference; lastKnownFileType = sourcecode.swift; path = CustomLabelCondition.swift; sourceTree = "<group>"; };
		EA64BADD2625C1D200192F01 /* IYCreateInviteStack.swift */ = {isa = PBXFileReference; lastKnownFileType = sourcecode.swift; path = IYCreateInviteStack.swift; sourceTree = "<group>"; };
		EA64BAE12625D2F500192F01 /* UIPickerView+Ex.swift */ = {isa = PBXFileReference; lastKnownFileType = sourcecode.swift; path = "UIPickerView+Ex.swift"; sourceTree = "<group>"; };
		EA64BAE42625D95A00192F01 /* Date+Ex.swift */ = {isa = PBXFileReference; lastKnownFileType = sourcecode.swift; path = "Date+Ex.swift"; sourceTree = "<group>"; };
		EA64BAEF2627142C00192F01 /* String+Ex.swift */ = {isa = PBXFileReference; lastKnownFileType = sourcecode.swift; path = "String+Ex.swift"; sourceTree = "<group>"; };
		EA7B64472622DEE60048F783 /* GoogleService-Info.plist */ = {isa = PBXFileReference; fileEncoding = 4; lastKnownFileType = text.plist.xml; path = "GoogleService-Info.plist"; sourceTree = "<group>"; };
		EA7B7BB326021ED50006F22E /* IYViewController.swift */ = {isa = PBXFileReference; lastKnownFileType = sourcecode.swift; path = IYViewController.swift; sourceTree = "<group>"; };
		EA7B7BD1260320830006F22E /* IYInvitationCell.swift */ = {isa = PBXFileReference; lastKnownFileType = sourcecode.swift; path = IYInvitationCell.swift; sourceTree = "<group>"; };
		EAB533AD260B76EE00C0C8C0 /* UIViewController+Ex.swift */ = {isa = PBXFileReference; lastKnownFileType = sourcecode.swift; path = "UIViewController+Ex.swift"; sourceTree = "<group>"; };
		EACB037F261493140002B8C6 /* IYDefault.swift */ = {isa = PBXFileReference; lastKnownFileType = sourcecode.swift; path = IYDefault.swift; sourceTree = "<group>"; };
		EAD0EBD025FB890800463EF7 /* IYEditProfileViewController.swift */ = {isa = PBXFileReference; lastKnownFileType = sourcecode.swift; path = IYEditProfileViewController.swift; sourceTree = "<group>"; };
		EAF777DE25FCD57100F8F091 /* Colors.swift */ = {isa = PBXFileReference; lastKnownFileType = sourcecode.swift; path = Colors.swift; sourceTree = "<group>"; };
		EAFFAA6B25F891AE003A610E /* InviteYouApp.app */ = {isa = PBXFileReference; explicitFileType = wrapper.application; includeInIndex = 0; path = InviteYouApp.app; sourceTree = BUILT_PRODUCTS_DIR; };
		EAFFAA6E25F891AE003A610E /* AppDelegate.swift */ = {isa = PBXFileReference; lastKnownFileType = sourcecode.swift; path = AppDelegate.swift; sourceTree = "<group>"; };
		EAFFAA7025F891AE003A610E /* SceneDelegate.swift */ = {isa = PBXFileReference; lastKnownFileType = sourcecode.swift; path = SceneDelegate.swift; sourceTree = "<group>"; };
		EAFFAA7225F891AE003A610E /* IYInitViewController.swift */ = {isa = PBXFileReference; lastKnownFileType = sourcecode.swift; path = IYInitViewController.swift; sourceTree = "<group>"; };
		EAFFAA7725F891AF003A610E /* Assets.xcassets */ = {isa = PBXFileReference; lastKnownFileType = folder.assetcatalog; path = Assets.xcassets; sourceTree = "<group>"; };
		EAFFAA7A25F891B0003A610E /* Base */ = {isa = PBXFileReference; lastKnownFileType = file.storyboard; name = Base; path = Base.lproj/LaunchScreen.storyboard; sourceTree = "<group>"; };
		EAFFAA7C25F891B0003A610E /* Info.plist */ = {isa = PBXFileReference; lastKnownFileType = text.plist.xml; path = Info.plist; sourceTree = "<group>"; };
		EAFFAA8625F8CB19003A610E /* IYRegistrationViewController.swift */ = {isa = PBXFileReference; lastKnownFileType = sourcecode.swift; path = IYRegistrationViewController.swift; sourceTree = "<group>"; };
		EAFFAA8925F8E53F003A610E /* Fonts.swift */ = {isa = PBXFileReference; lastKnownFileType = sourcecode.swift; path = Fonts.swift; sourceTree = "<group>"; };
		EAFFAA9725F8EDCA003A610E /* IYActiveInvitesViewController.swift */ = {isa = PBXFileReference; lastKnownFileType = sourcecode.swift; path = IYActiveInvitesViewController.swift; sourceTree = "<group>"; };
		EAFFAA9A25F8EDF8003A610E /* IYDetailsViewController.swift */ = {isa = PBXFileReference; lastKnownFileType = sourcecode.swift; path = IYDetailsViewController.swift; sourceTree = "<group>"; };
		EAFFAA9E25F8EE14003A610E /* IYCalendarViewController.swift */ = {isa = PBXFileReference; lastKnownFileType = sourcecode.swift; path = IYCalendarViewController.swift; sourceTree = "<group>"; };
		EAFFAAA125F8EE5C003A610E /* IYProfileViewController.swift */ = {isa = PBXFileReference; lastKnownFileType = sourcecode.swift; path = IYProfileViewController.swift; sourceTree = "<group>"; };
/* End PBXFileReference section */

/* Begin PBXFrameworksBuildPhase section */
		EAFFAA6825F891AE003A610E /* Frameworks */ = {
			isa = PBXFrameworksBuildPhase;
			buildActionMask = 2147483647;
			files = (
				EA14798625FBDD2900A03DCD /* SnapKit in Frameworks */,
				52E8AABA8ED62975FABDC34B /* Pods_InviteYouApp.framework in Frameworks */,
			);
			runOnlyForDeploymentPostprocessing = 0;
		};
/* End PBXFrameworksBuildPhase section */

/* Begin PBXGroup section */
		905E883CBAF9E570DF876CCB /* Pods */ = {
			isa = PBXGroup;
			children = (
				58C6CA89B6C9DA8F5235FE61 /* Pods-InviteYouApp.debug.xcconfig */,
				6E905028421ED4B97E9A08B7 /* Pods-InviteYouApp.release.xcconfig */,
			);
			path = Pods;
			sourceTree = "<group>";
		};
		CFCB9FB757C11264DC761626 /* Frameworks */ = {
			isa = PBXGroup;
			children = (
				306C279F90194F15AD9A4075 /* Pods_InviteYouApp.framework */,
			);
			name = Frameworks;
			sourceTree = "<group>";
		};
		EA04196A26063A9C0060EFAD /* Models */ = {
			isa = PBXGroup;
			children = (
				EA04196726063A900060EFAD /* IYTypeOfEvent.swift */,
				EA29522E260C939F00B4523A /* IYNumberOfPersons.swift */,
				EA13486A261DA5750022E78E /* ExampleInvites.swift */,
				EA13486D261DE5550022E78E /* IYIvent.swift */,
				EA64BADD2625C1D200192F01 /* IYCreateInviteStack.swift */,
			);
			path = Models;
			sourceTree = "<group>";
		};
		EA0692682611A3F700EBB4A1 /* Controllers */ = {
			isa = PBXGroup;
			children = (
				EA62074025F8F09E00AF8E01 /* IYTabBarViewController.swift */,
				EA7B7BB326021ED50006F22E /* IYViewController.swift */,
			);
			path = Controllers;
			sourceTree = "<group>";
		};
		EA0CB6382611A250003F92DD /* View */ = {
			isa = PBXGroup;
			children = (
				EA0CB6352611A208003F92DD /* CustomTextField.swift */,
				EA281A092611A64D00674722 /* СustomLabel.swift */,
				EA64BAD72625AF9D00192F01 /* CustomLabelCondition.swift */,
				EA281A0C2611AB7700674722 /* CustomButton.swift */,
			);
			path = View;
			sourceTree = "<group>";
		};
		EA133FC72604719500241E8B /* Search */ = {
			isa = PBXGroup;
			children = (
				EA133FC8260471B800241E8B /* Controllers */,
			);
			path = Search;
			sourceTree = "<group>";
		};
		EA133FC8260471B800241E8B /* Controllers */ = {
			isa = PBXGroup;
			children = (
				EA133FC42604719000241E8B /* IYSearchViewController.swift */,
			);
			path = Controllers;
			sourceTree = "<group>";
		};
		EA2B93E9260CFF0F007D3AA9 /* Fonts */ = {
			isa = PBXGroup;
			children = (
				EA2B93EA260CFF29007D3AA9 /* 8711.ttf */,
			);
			path = Fonts;
			sourceTree = "<group>";
		};
		EA64BADB2625BD6400192F01 /* Models */ = {
			isa = PBXGroup;
			children = (
				EA64BAC52625694400192F01 /* IYRegistrationStack.swift */,
			);
			path = Models;
			sourceTree = "<group>";
		};
		EA7B7BCF26031FC60006F22E /* Views */ = {
			isa = PBXGroup;
			children = (
				EA7B7BD02603205F0006F22E /* Cells */,
			);
			path = Views;
			sourceTree = "<group>";
		};
		EA7B7BD02603205F0006F22E /* Cells */ = {
			isa = PBXGroup;
			children = (
				EA7B7BD1260320830006F22E /* IYInvitationCell.swift */,
			);
			path = Cells;
			sourceTree = "<group>";
		};
		EAB533B4260B793000C0C8C0 /* Extensions */ = {
			isa = PBXGroup;
			children = (
				EAB533AD260B76EE00C0C8C0 /* UIViewController+Ex.swift */,
				EA64BAC826256CB100192F01 /* UIView+Ex.swift */,
				EA64BACF2625A70B00192F01 /* UIStackView+Ex.swift */,
				EA64BACC262592FF00192F01 /* UIEdgeInsets+Ex.swift.swift */,
				EA64BAE12625D2F500192F01 /* UIPickerView+Ex.swift */,
				EA64BAE42625D95A00192F01 /* Date+Ex.swift */,
				EA64BAEF2627142C00192F01 /* String+Ex.swift */,
			);
			path = Extensions;
			sourceTree = "<group>";
		};
		EACB037E261492EE0002B8C6 /* DataSaving */ = {
			isa = PBXGroup;
			children = (
				EACB037F261493140002B8C6 /* IYDefault.swift */,
			);
			path = DataSaving;
			sourceTree = "<group>";
		};
		EAD0EBD625FBA0C100463EF7 /* Features */ = {
			isa = PBXGroup;
			children = (
				EAD0EBD725FBA0CE00463EF7 /* Initializations */,
				EAD0EBDE25FBA19500463EF7 /* Registration */,
				EAD0EBD925FBA0FD00463EF7 /* Invites */,
				EA133FC72604719500241E8B /* Search */,
				EAD0EBDB25FBA14400463EF7 /* Calendar */,
				EAD0EBDC25FBA15000463EF7 /* Profile */,
			);
			path = Features;
			sourceTree = "<group>";
		};
		EAD0EBD725FBA0CE00463EF7 /* Initializations */ = {
			isa = PBXGroup;
			children = (
				EAD0EBD825FBA0E300463EF7 /* Controllers */,
			);
			path = Initializations;
			sourceTree = "<group>";
		};
		EAD0EBD825FBA0E300463EF7 /* Controllers */ = {
			isa = PBXGroup;
			children = (
				EAFFAA7225F891AE003A610E /* IYInitViewController.swift */,
				EA200AE6261083610087E792 /* IYResetPasswordViewController.swift */,
			);
			path = Controllers;
			sourceTree = "<group>";
		};
		EAD0EBD925FBA0FD00463EF7 /* Invites */ = {
			isa = PBXGroup;
			children = (
				EA04196A26063A9C0060EFAD /* Models */,
				EA7B7BCF26031FC60006F22E /* Views */,
				EAD0EBEE25FBA31D00463EF7 /* Controllers */,
			);
			path = Invites;
			sourceTree = "<group>";
		};
		EAD0EBDB25FBA14400463EF7 /* Calendar */ = {
			isa = PBXGroup;
			children = (
				EAD0EBE625FBA2DA00463EF7 /* Controllers */,
			);
			path = Calendar;
			sourceTree = "<group>";
		};
		EAD0EBDC25FBA15000463EF7 /* Profile */ = {
			isa = PBXGroup;
			children = (
				EAD0EBE325FBA2AD00463EF7 /* Controllers */,
			);
			path = Profile;
			sourceTree = "<group>";
		};
		EAD0EBDD25FBA17400463EF7 /* Common */ = {
			isa = PBXGroup;
			children = (
				EACB037E261492EE0002B8C6 /* DataSaving */,
				EA0692682611A3F700EBB4A1 /* Controllers */,
				EA0CB6382611A250003F92DD /* View */,
			);
			path = Common;
			sourceTree = "<group>";
		};
		EAD0EBDE25FBA19500463EF7 /* Registration */ = {
			isa = PBXGroup;
			children = (
				EA64BADB2625BD6400192F01 /* Models */,
				EAD0EBE225FBA29B00463EF7 /* Controllers */,
			);
			path = Registration;
			sourceTree = "<group>";
		};
		EAD0EBE225FBA29B00463EF7 /* Controllers */ = {
			isa = PBXGroup;
			children = (
				EAFFAA8625F8CB19003A610E /* IYRegistrationViewController.swift */,
			);
			path = Controllers;
			sourceTree = "<group>";
		};
		EAD0EBE325FBA2AD00463EF7 /* Controllers */ = {
			isa = PBXGroup;
			children = (
				EAFFAAA125F8EE5C003A610E /* IYProfileViewController.swift */,
				EAD0EBD025FB890800463EF7 /* IYEditProfileViewController.swift */,
			);
			path = Controllers;
			sourceTree = "<group>";
		};
		EAD0EBE625FBA2DA00463EF7 /* Controllers */ = {
			isa = PBXGroup;
			children = (
				EAFFAA9E25F8EE14003A610E /* IYCalendarViewController.swift */,
			);
			path = Controllers;
			sourceTree = "<group>";
		};
		EAD0EBEE25FBA31D00463EF7 /* Controllers */ = {
			isa = PBXGroup;
			children = (
				EAFFAA9725F8EDCA003A610E /* IYActiveInvitesViewController.swift */,
				EAFFAA9A25F8EDF8003A610E /* IYDetailsViewController.swift */,
				EA0315FD260383E6003F1CDD /* IYCreateInviteViewController.swift */,
			);
			path = Controllers;
			sourceTree = "<group>";
		};
		EAFFAA6225F891AE003A610E = {
			isa = PBXGroup;
			children = (
				EAFFAA6D25F891AE003A610E /* InviteYouApp */,
				EAFFAA6C25F891AE003A610E /* Products */,
				905E883CBAF9E570DF876CCB /* Pods */,
				CFCB9FB757C11264DC761626 /* Frameworks */,
			);
			sourceTree = "<group>";
		};
		EAFFAA6C25F891AE003A610E /* Products */ = {
			isa = PBXGroup;
			children = (
				EAFFAA6B25F891AE003A610E /* InviteYouApp.app */,
			);
			name = Products;
			sourceTree = "<group>";
		};
		EAFFAA6D25F891AE003A610E /* InviteYouApp */ = {
			isa = PBXGroup;
			children = (
				EAFFAA7025F891AE003A610E /* SceneDelegate.swift */,
				EAFFAA6E25F891AE003A610E /* AppDelegate.swift */,
				EAD0EBD625FBA0C100463EF7 /* Features */,
				EAD0EBDD25FBA17400463EF7 /* Common */,
				EAB533B4260B793000C0C8C0 /* Extensions */,
				EAFFAA9125F8E977003A610E /* Resourses */,
				EAFFAA7C25F891B0003A610E /* Info.plist */,
				EA7B64472622DEE60048F783 /* GoogleService-Info.plist */,
			);
			path = InviteYouApp;
			sourceTree = "<group>";
		};
		EAFFAA9125F8E977003A610E /* Resourses */ = {
			isa = PBXGroup;
			children = (
				EA2B93E9260CFF0F007D3AA9 /* Fonts */,
				EAFFAA7925F891B0003A610E /* LaunchScreen.storyboard */,
				EAFFAA7725F891AF003A610E /* Assets.xcassets */,
				EAFFAA8925F8E53F003A610E /* Fonts.swift */,
				EAF777DE25FCD57100F8F091 /* Colors.swift */,
			);
			path = Resourses;
			sourceTree = "<group>";
		};
/* End PBXGroup section */

/* Begin PBXNativeTarget section */
		EAFFAA6A25F891AE003A610E /* InviteYouApp */ = {
			isa = PBXNativeTarget;
			buildConfigurationList = EAFFAA7F25F891B0003A610E /* Build configuration list for PBXNativeTarget "InviteYouApp" */;
			buildPhases = (
				4E06F133D4A0D7A56ED7DA25 /* [CP] Check Pods Manifest.lock */,
				EAFFAA6725F891AE003A610E /* Sources */,
				EAFFAA6825F891AE003A610E /* Frameworks */,
				EAFFAA6925F891AE003A610E /* Resources */,
				EA260769260D12EB0019B2D6 /* ShellScript */,
				3CD5DA229D3C0FA897596B63 /* [CP] Embed Pods Frameworks */,
			);
			buildRules = (
			);
			dependencies = (
			);
			name = InviteYouApp;
			packageProductDependencies = (
				EA14798525FBDD2900A03DCD /* SnapKit */,
			);
			productName = InviteYouApp;
			productReference = EAFFAA6B25F891AE003A610E /* InviteYouApp.app */;
			productType = "com.apple.product-type.application";
		};
/* End PBXNativeTarget section */

/* Begin PBXProject section */
		EAFFAA6325F891AE003A610E /* Project object */ = {
			isa = PBXProject;
			attributes = {
				LastSwiftUpdateCheck = 1240;
				LastUpgradeCheck = 1240;
				TargetAttributes = {
					EAFFAA6A25F891AE003A610E = {
						CreatedOnToolsVersion = 12.4;
					};
				};
			};
			buildConfigurationList = EAFFAA6625F891AE003A610E /* Build configuration list for PBXProject "InviteYouApp" */;
			compatibilityVersion = "Xcode 9.3";
			developmentRegion = en;
			hasScannedForEncodings = 0;
			knownRegions = (
				en,
				Base,
			);
			mainGroup = EAFFAA6225F891AE003A610E;
			packageReferences = (
				EA14798425FBDD2900A03DCD /* XCRemoteSwiftPackageReference "SnapKit" */,
			);
			productRefGroup = EAFFAA6C25F891AE003A610E /* Products */;
			projectDirPath = "";
			projectRoot = "";
			targets = (
				EAFFAA6A25F891AE003A610E /* InviteYouApp */,
			);
		};
/* End PBXProject section */

/* Begin PBXResourcesBuildPhase section */
		EAFFAA6925F891AE003A610E /* Resources */ = {
			isa = PBXResourcesBuildPhase;
			buildActionMask = 2147483647;
			files = (
				EA2B93EB260CFF29007D3AA9 /* 8711.ttf in Resources */,
				EA7B64482622DEE60048F783 /* GoogleService-Info.plist in Resources */,
				EAFFAA7B25F891B0003A610E /* LaunchScreen.storyboard in Resources */,
				EAFFAA7825F891AF003A610E /* Assets.xcassets in Resources */,
			);
			runOnlyForDeploymentPostprocessing = 0;
		};
/* End PBXResourcesBuildPhase section */

/* Begin PBXShellScriptBuildPhase section */
		3CD5DA229D3C0FA897596B63 /* [CP] Embed Pods Frameworks */ = {
			isa = PBXShellScriptBuildPhase;
			buildActionMask = 2147483647;
			files = (
			);
			inputFileListPaths = (
				"${PODS_ROOT}/Target Support Files/Pods-InviteYouApp/Pods-InviteYouApp-frameworks-${CONFIGURATION}-input-files.xcfilelist",
			);
			name = "[CP] Embed Pods Frameworks";
			outputFileListPaths = (
				"${PODS_ROOT}/Target Support Files/Pods-InviteYouApp/Pods-InviteYouApp-frameworks-${CONFIGURATION}-output-files.xcfilelist",
			);
			runOnlyForDeploymentPostprocessing = 0;
			shellPath = /bin/sh;
			shellScript = "\"${PODS_ROOT}/Target Support Files/Pods-InviteYouApp/Pods-InviteYouApp-frameworks.sh\"\n";
			showEnvVarsInLog = 0;
		};
		4E06F133D4A0D7A56ED7DA25 /* [CP] Check Pods Manifest.lock */ = {
			isa = PBXShellScriptBuildPhase;
			buildActionMask = 2147483647;
			files = (
			);
			inputFileListPaths = (
			);
			inputPaths = (
				"${PODS_PODFILE_DIR_PATH}/Podfile.lock",
				"${PODS_ROOT}/Manifest.lock",
			);
			name = "[CP] Check Pods Manifest.lock";
			outputFileListPaths = (
			);
			outputPaths = (
				"$(DERIVED_FILE_DIR)/Pods-InviteYouApp-checkManifestLockResult.txt",
			);
			runOnlyForDeploymentPostprocessing = 0;
			shellPath = /bin/sh;
			shellScript = "diff \"${PODS_PODFILE_DIR_PATH}/Podfile.lock\" \"${PODS_ROOT}/Manifest.lock\" > /dev/null\nif [ $? != 0 ] ; then\n    # print error to STDERR\n    echo \"error: The sandbox is not in sync with the Podfile.lock. Run 'pod install' or update your CocoaPods installation.\" >&2\n    exit 1\nfi\n# This output is used by Xcode 'outputs' to avoid re-running this script phase.\necho \"SUCCESS\" > \"${SCRIPT_OUTPUT_FILE_0}\"\n";
			showEnvVarsInLog = 0;
		};
		EA260769260D12EB0019B2D6 /* ShellScript */ = {
			isa = PBXShellScriptBuildPhase;
			buildActionMask = 2147483647;
			files = (
			);
			inputFileListPaths = (
			);
			inputPaths = (
			);
			outputFileListPaths = (
			);
			outputPaths = (
			);
			runOnlyForDeploymentPostprocessing = 0;
			shellPath = /bin/sh;
			shellScript = "if which swiftlint >/dev/null; then\n  swiftlint\nelse\n  echo \"error: SwiftLint does not exist, download it from https://github.com/realm/SwiftLint\"\n  exit 1\nfi\n";
		};
/* End PBXShellScriptBuildPhase section */

/* Begin PBXSourcesBuildPhase section */
		EAFFAA6725F891AE003A610E /* Sources */ = {
			isa = PBXSourcesBuildPhase;
			buildActionMask = 2147483647;
			files = (
				EA64BAC926256CB100192F01 /* UIView+Ex.swift in Sources */,
				EA13486E261DE5550022E78E /* IYIvent.swift in Sources */,
				EA64BAE22625D2F500192F01 /* UIPickerView+Ex.swift in Sources */,
				EA7B7BD2260320830006F22E /* IYInvitationCell.swift in Sources */,
				EAFFAA7325F891AE003A610E /* IYInitViewController.swift in Sources */,
				EA0CB6362611A208003F92DD /* CustomTextField.swift in Sources */,
				EAFFAA8A25F8E53F003A610E /* Fonts.swift in Sources */,
				EA04196826063A900060EFAD /* IYTypeOfEvent.swift in Sources */,
				EAFFAA8725F8CB19003A610E /* IYRegistrationViewController.swift in Sources */,
				EAB533AE260B76EE00C0C8C0 /* UIViewController+Ex.swift in Sources */,
				EAFFAA9F25F8EE14003A610E /* IYCalendarViewController.swift in Sources */,
				EA64BACD262592FF00192F01 /* UIEdgeInsets+Ex.swift.swift in Sources */,
				EA64BAC62625694400192F01 /* IYRegistrationStack.swift in Sources */,
				EA64BAF02627142C00192F01 /* String+Ex.swift in Sources */,
				EA200AE7261083610087E792 /* IYResetPasswordViewController.swift in Sources */,
				EAFFAAA225F8EE5C003A610E /* IYProfileViewController.swift in Sources */,
				EA281A0D2611AB7700674722 /* CustomButton.swift in Sources */,
				EA13486B261DA5750022E78E /* ExampleInvites.swift in Sources */,
				EA0315FE260383E6003F1CDD /* IYCreateInviteViewController.swift in Sources */,
				EA29522F260C939F00B4523A /* IYNumberOfPersons.swift in Sources */,
				EAFFAA6F25F891AE003A610E /* AppDelegate.swift in Sources */,
				EA62074125F8F09E00AF8E01 /* IYTabBarViewController.swift in Sources */,
				EAFFAA9825F8EDCA003A610E /* IYActiveInvitesViewController.swift in Sources */,
				EAF777DF25FCD57100F8F091 /* Colors.swift in Sources */,
				EAD0EBD125FB890800463EF7 /* IYEditProfileViewController.swift in Sources */,
				EA281A0A2611A64D00674722 /* СustomLabel.swift in Sources */,
				EACB0380261493140002B8C6 /* IYDefault.swift in Sources */,
				EA7B7BB426021ED50006F22E /* IYViewController.swift in Sources */,
				EAFFAA7125F891AE003A610E /* SceneDelegate.swift in Sources */,
				EA64BAD82625AF9D00192F01 /* CustomLabelCondition.swift in Sources */,
				EA64BAE52625D95A00192F01 /* Date+Ex.swift in Sources */,
				EA64BAD02625A70B00192F01 /* UIStackView+Ex.swift in Sources */,
				EAFFAA9B25F8EDF8003A610E /* IYDetailsViewController.swift in Sources */,
				EA133FC52604719000241E8B /* IYSearchViewController.swift in Sources */,
				EA64BADE2625C1D200192F01 /* IYCreateInviteStack.swift in Sources */,
			);
			runOnlyForDeploymentPostprocessing = 0;
		};
/* End PBXSourcesBuildPhase section */

/* Begin PBXVariantGroup section */
		EAFFAA7925F891B0003A610E /* LaunchScreen.storyboard */ = {
			isa = PBXVariantGroup;
			children = (
				EAFFAA7A25F891B0003A610E /* Base */,
			);
			name = LaunchScreen.storyboard;
			sourceTree = "<group>";
		};
/* End PBXVariantGroup section */

/* Begin XCBuildConfiguration section */
		EAFFAA7D25F891B0003A610E /* Debug */ = {
			isa = XCBuildConfiguration;
			buildSettings = {
				ALWAYS_SEARCH_USER_PATHS = NO;
				CLANG_ANALYZER_NONNULL = YES;
				CLANG_ANALYZER_NUMBER_OBJECT_CONVERSION = YES_AGGRESSIVE;
				CLANG_CXX_LANGUAGE_STANDARD = "gnu++14";
				CLANG_CXX_LIBRARY = "libc++";
				CLANG_ENABLE_MODULES = YES;
				CLANG_ENABLE_OBJC_ARC = YES;
				CLANG_ENABLE_OBJC_WEAK = YES;
				CLANG_WARN_BLOCK_CAPTURE_AUTORELEASING = YES;
				CLANG_WARN_BOOL_CONVERSION = YES;
				CLANG_WARN_COMMA = YES;
				CLANG_WARN_CONSTANT_CONVERSION = YES;
				CLANG_WARN_DEPRECATED_OBJC_IMPLEMENTATIONS = YES;
				CLANG_WARN_DIRECT_OBJC_ISA_USAGE = YES_ERROR;
				CLANG_WARN_DOCUMENTATION_COMMENTS = YES;
				CLANG_WARN_EMPTY_BODY = YES;
				CLANG_WARN_ENUM_CONVERSION = YES;
				CLANG_WARN_INFINITE_RECURSION = YES;
				CLANG_WARN_INT_CONVERSION = YES;
				CLANG_WARN_NON_LITERAL_NULL_CONVERSION = YES;
				CLANG_WARN_OBJC_IMPLICIT_RETAIN_SELF = YES;
				CLANG_WARN_OBJC_LITERAL_CONVERSION = YES;
				CLANG_WARN_OBJC_ROOT_CLASS = YES_ERROR;
				CLANG_WARN_QUOTED_INCLUDE_IN_FRAMEWORK_HEADER = YES;
				CLANG_WARN_RANGE_LOOP_ANALYSIS = YES;
				CLANG_WARN_STRICT_PROTOTYPES = YES;
				CLANG_WARN_SUSPICIOUS_MOVE = YES;
				CLANG_WARN_UNGUARDED_AVAILABILITY = YES_AGGRESSIVE;
				CLANG_WARN_UNREACHABLE_CODE = YES;
				CLANG_WARN__DUPLICATE_METHOD_MATCH = YES;
				COPY_PHASE_STRIP = NO;
				DEBUG_INFORMATION_FORMAT = dwarf;
				ENABLE_STRICT_OBJC_MSGSEND = YES;
				ENABLE_TESTABILITY = YES;
				GCC_C_LANGUAGE_STANDARD = gnu11;
				GCC_DYNAMIC_NO_PIC = NO;
				GCC_NO_COMMON_BLOCKS = YES;
				GCC_OPTIMIZATION_LEVEL = 0;
				GCC_PREPROCESSOR_DEFINITIONS = (
					"DEBUG=1",
					"$(inherited)",
				);
				GCC_WARN_64_TO_32_BIT_CONVERSION = YES;
				GCC_WARN_ABOUT_RETURN_TYPE = YES_ERROR;
				GCC_WARN_UNDECLARED_SELECTOR = YES;
				GCC_WARN_UNINITIALIZED_AUTOS = YES_AGGRESSIVE;
				GCC_WARN_UNUSED_FUNCTION = YES;
				GCC_WARN_UNUSED_VARIABLE = YES;
				IPHONEOS_DEPLOYMENT_TARGET = 14.4;
				MTL_ENABLE_DEBUG_INFO = INCLUDE_SOURCE;
				MTL_FAST_MATH = YES;
				ONLY_ACTIVE_ARCH = YES;
				SDKROOT = iphoneos;
				SWIFT_ACTIVE_COMPILATION_CONDITIONS = DEBUG;
				SWIFT_OPTIMIZATION_LEVEL = "-Onone";
			};
			name = Debug;
		};
		EAFFAA7E25F891B0003A610E /* Release */ = {
			isa = XCBuildConfiguration;
			buildSettings = {
				ALWAYS_SEARCH_USER_PATHS = NO;
				CLANG_ANALYZER_NONNULL = YES;
				CLANG_ANALYZER_NUMBER_OBJECT_CONVERSION = YES_AGGRESSIVE;
				CLANG_CXX_LANGUAGE_STANDARD = "gnu++14";
				CLANG_CXX_LIBRARY = "libc++";
				CLANG_ENABLE_MODULES = YES;
				CLANG_ENABLE_OBJC_ARC = YES;
				CLANG_ENABLE_OBJC_WEAK = YES;
				CLANG_WARN_BLOCK_CAPTURE_AUTORELEASING = YES;
				CLANG_WARN_BOOL_CONVERSION = YES;
				CLANG_WARN_COMMA = YES;
				CLANG_WARN_CONSTANT_CONVERSION = YES;
				CLANG_WARN_DEPRECATED_OBJC_IMPLEMENTATIONS = YES;
				CLANG_WARN_DIRECT_OBJC_ISA_USAGE = YES_ERROR;
				CLANG_WARN_DOCUMENTATION_COMMENTS = YES;
				CLANG_WARN_EMPTY_BODY = YES;
				CLANG_WARN_ENUM_CONVERSION = YES;
				CLANG_WARN_INFINITE_RECURSION = YES;
				CLANG_WARN_INT_CONVERSION = YES;
				CLANG_WARN_NON_LITERAL_NULL_CONVERSION = YES;
				CLANG_WARN_OBJC_IMPLICIT_RETAIN_SELF = YES;
				CLANG_WARN_OBJC_LITERAL_CONVERSION = YES;
				CLANG_WARN_OBJC_ROOT_CLASS = YES_ERROR;
				CLANG_WARN_QUOTED_INCLUDE_IN_FRAMEWORK_HEADER = YES;
				CLANG_WARN_RANGE_LOOP_ANALYSIS = YES;
				CLANG_WARN_STRICT_PROTOTYPES = YES;
				CLANG_WARN_SUSPICIOUS_MOVE = YES;
				CLANG_WARN_UNGUARDED_AVAILABILITY = YES_AGGRESSIVE;
				CLANG_WARN_UNREACHABLE_CODE = YES;
				CLANG_WARN__DUPLICATE_METHOD_MATCH = YES;
				COPY_PHASE_STRIP = NO;
				DEBUG_INFORMATION_FORMAT = "dwarf-with-dsym";
				ENABLE_NS_ASSERTIONS = NO;
				ENABLE_STRICT_OBJC_MSGSEND = YES;
				GCC_C_LANGUAGE_STANDARD = gnu11;
				GCC_NO_COMMON_BLOCKS = YES;
				GCC_WARN_64_TO_32_BIT_CONVERSION = YES;
				GCC_WARN_ABOUT_RETURN_TYPE = YES_ERROR;
				GCC_WARN_UNDECLARED_SELECTOR = YES;
				GCC_WARN_UNINITIALIZED_AUTOS = YES_AGGRESSIVE;
				GCC_WARN_UNUSED_FUNCTION = YES;
				GCC_WARN_UNUSED_VARIABLE = YES;
				IPHONEOS_DEPLOYMENT_TARGET = 14.4;
				MTL_ENABLE_DEBUG_INFO = NO;
				MTL_FAST_MATH = YES;
				SDKROOT = iphoneos;
				SWIFT_COMPILATION_MODE = wholemodule;
				SWIFT_OPTIMIZATION_LEVEL = "-O";
				VALIDATE_PRODUCT = YES;
			};
			name = Release;
		};
		EAFFAA8025F891B0003A610E /* Debug */ = {
			isa = XCBuildConfiguration;
			baseConfigurationReference = 58C6CA89B6C9DA8F5235FE61 /* Pods-InviteYouApp.debug.xcconfig */;
			buildSettings = {
				ASSETCATALOG_COMPILER_APPICON_NAME = AppIcon;
				ASSETCATALOG_COMPILER_GLOBAL_ACCENT_COLOR_NAME = AccentColor;
				CODE_SIGN_STYLE = Automatic;
				DEVELOPMENT_TEAM = KK3NRV9KDJ;
				INFOPLIST_FILE = InviteYouApp/Info.plist;
				IPHONEOS_DEPLOYMENT_TARGET = 13.4;
				LD_RUNPATH_SEARCH_PATHS = (
					"$(inherited)",
					"@executable_path/Frameworks",
				);
				PRODUCT_BUNDLE_IDENTIFIER = by.tonysmirnov.InviteYouApp;
				PRODUCT_NAME = "$(TARGET_NAME)";
				SWIFT_VERSION = 5.0;
				TARGETED_DEVICE_FAMILY = 1;
			};
			name = Debug;
		};
		EAFFAA8125F891B0003A610E /* Release */ = {
			isa = XCBuildConfiguration;
			baseConfigurationReference = 6E905028421ED4B97E9A08B7 /* Pods-InviteYouApp.release.xcconfig */;
			buildSettings = {
				ASSETCATALOG_COMPILER_APPICON_NAME = AppIcon;
				ASSETCATALOG_COMPILER_GLOBAL_ACCENT_COLOR_NAME = AccentColor;
				CODE_SIGN_STYLE = Automatic;
				DEVELOPMENT_TEAM = KK3NRV9KDJ;
				INFOPLIST_FILE = InviteYouApp/Info.plist;
				IPHONEOS_DEPLOYMENT_TARGET = 13.4;
				LD_RUNPATH_SEARCH_PATHS = (
					"$(inherited)",
					"@executable_path/Frameworks",
				);
				PRODUCT_BUNDLE_IDENTIFIER = by.tonysmirnov.InviteYouApp;
				PRODUCT_NAME = "$(TARGET_NAME)";
				SWIFT_VERSION = 5.0;
				TARGETED_DEVICE_FAMILY = 1;
			};
			name = Release;
		};
/* End XCBuildConfiguration section */

/* Begin XCConfigurationList section */
		EAFFAA6625F891AE003A610E /* Build configuration list for PBXProject "InviteYouApp" */ = {
			isa = XCConfigurationList;
			buildConfigurations = (
				EAFFAA7D25F891B0003A610E /* Debug */,
				EAFFAA7E25F891B0003A610E /* Release */,
			);
			defaultConfigurationIsVisible = 0;
			defaultConfigurationName = Release;
		};
		EAFFAA7F25F891B0003A610E /* Build configuration list for PBXNativeTarget "InviteYouApp" */ = {
			isa = XCConfigurationList;
			buildConfigurations = (
				EAFFAA8025F891B0003A610E /* Debug */,
				EAFFAA8125F891B0003A610E /* Release */,
			);
			defaultConfigurationIsVisible = 0;
			defaultConfigurationName = Release;
		};
/* End XCConfigurationList section */

/* Begin XCRemoteSwiftPackageReference section */
		EA14798425FBDD2900A03DCD /* XCRemoteSwiftPackageReference "SnapKit" */ = {
			isa = XCRemoteSwiftPackageReference;
			repositoryURL = "https://github.com/SnapKit/SnapKit";
			requirement = {
				kind = upToNextMajorVersion;
				minimumVersion = 5.0.1;
			};
		};
/* End XCRemoteSwiftPackageReference section */

/* Begin XCSwiftPackageProductDependency section */
		EA14798525FBDD2900A03DCD /* SnapKit */ = {
			isa = XCSwiftPackageProductDependency;
			package = EA14798425FBDD2900A03DCD /* XCRemoteSwiftPackageReference "SnapKit" */;
			productName = SnapKit;
		};
/* End XCSwiftPackageProductDependency section */
	};
	rootObject = EAFFAA6325F891AE003A610E /* Project object */;
}
